
Microsoft Visual Studio Solution File, Format Version 12.00
# Visual Studio Version 16
VisualStudioVersion = 16.0.30309.148
MinimumVisualStudioVersion = 10.0.40219.1
Project("{9A19103F-16F7-4668-BE54-9A1E7A4F7556}") = "Bikes", "Bikes.csproj", "{3B7F2F80-4BA9-4525-98C9-626BEA4E6C01}"
EndProject
Project("{E53339B2-1760-4266-BCC7-CA923CBCF16C}") = "docker-compose", "docker-compose.dcproj", "{3A65DA53-D49D-4446-B875-66751A379BD4}"
EndProject
Global
	GlobalSection(SolutionConfigurationPlatforms) = preSolution
		Debug|Any CPU = Debug|Any CPU
		Release|Any CPU = Release|Any CPU
	EndGlobalSection
	GlobalSection(ProjectConfigurationPlatforms) = postSolution
		{3B7F2F80-4BA9-4525-98C9-626BEA4E6C01}.Debug|Any CPU.ActiveCfg = Debug|Any CPU
		{3B7F2F80-4BA9-4525-98C9-626BEA4E6C01}.Debug|Any CPU.Build.0 = Debug|Any CPU
		{3B7F2F80-4BA9-4525-98C9-626BEA4E6C01}.Release|Any CPU.ActiveCfg = Release|Any CPU
		{3B7F2F80-4BA9-4525-98C9-626BEA4E6C01}.Release|Any CPU.Build.0 = Release|Any CPU
		{3A65DA53-D49D-4446-B875-66751A379BD4}.Debug|Any CPU.ActiveCfg = Debug|Any CPU
		{3A65DA53-D49D-4446-B875-66751A379BD4}.Debug|Any CPU.Build.0 = Debug|Any CPU
		{3A65DA53-D49D-4446-B875-66751A379BD4}.Release|Any CPU.ActiveCfg = Release|Any CPU
		{3A65DA53-D49D-4446-B875-66751A379BD4}.Release|Any CPU.Build.0 = Release|Any CPU
	EndGlobalSection
	GlobalSection(SolutionProperties) = preSolution
		HideSolutionNode = FALSE
	EndGlobalSection
	GlobalSection(ExtensibilityGlobals) = postSolution
		SolutionGuid = {A1E01238-A5C7-499E-B716-85E8C65B04A3}
	EndGlobalSection
EndGlobal
